
Microsoft Visual Studio Solution File, Format Version 12.00
# Visual Studio Version 17
VisualStudioVersion = 17.11.35312.102
MinimumVisualStudioVersion = 10.0.40219.1
Project("{9A19103F-16F7-4668-BE54-9A1E7A4F7556}") = "TvMaze.API", "src\TvMaze.API\TvMaze.API.csproj", "{E4BC4CFE-F7B3-4C05-BF10-AB057238D214}"
EndProject
Project("{2150E333-8FDC-42A3-9474-1A3956D46DE8}") = "src", "src", "{78663C3D-93C6-4C95-8594-777AD566E913}"
EndProject
Project("{2150E333-8FDC-42A3-9474-1A3956D46DE8}") = "tests", "tests", "{91809B4D-8F29-4B89-A9C1-3E76900136AC}"
EndProject
Project("{9A19103F-16F7-4668-BE54-9A1E7A4F7556}") = "TvMaze.Infrastructure", "src\TvMaze.Infrastructure\TvMaze.Infrastructure.csproj", "{8BA446C2-7A76-43D1-8D0F-2FBF20B47628}"
EndProject
Project("{9A19103F-16F7-4668-BE54-9A1E7A4F7556}") = "TvMaze.Application", "src\TvMaze.Application\TvMaze.Application.csproj", "{82AC4735-41EB-4481-B6C6-46C71BBAAA97}"
EndProject
Project("{9A19103F-16F7-4668-BE54-9A1E7A4F7556}") = "TvMaze.FunctionalTests", "src\TvMaze.FunctionalTests\TvMaze.FunctionalTests.csproj", "{B61A4253-7737-4A85-A52F-47D0610BCD9A}"
EndProject
Project("{9A19103F-16F7-4668-BE54-9A1E7A4F7556}") = "TvMaze.Core", "src\TvMaze.Core\TvMaze.Core.csproj", "{7960B0E8-3515-4053-9808-D8B771BD0181}"
EndProject
Project("{9A19103F-16F7-4668-BE54-9A1E7A4F7556}") = "TvMaze.IntegrationTests", "src\TvMaze.IntegrationTests\TvMaze.IntegrationTests.csproj", "{84FF00EE-2B36-43CF-9642-45F39CF50F4C}"
EndProject
Project("{FAE04EC0-301F-11D3-BF4B-00C04F79EFBC}") = "TvMaze.UnitTests", "src\TvMaze.UnitTests\TvMaze.UnitTests.csproj", "{5D8542D8-569A-44E4-80F6-039465D47CC1}"
EndProject
Global
	GlobalSection(SolutionConfigurationPlatforms) = preSolution
		Debug|Any CPU = Debug|Any CPU
		Release|Any CPU = Release|Any CPU
	EndGlobalSection
	GlobalSection(ProjectConfigurationPlatforms) = postSolution
		{E4BC4CFE-F7B3-4C05-BF10-AB057238D214}.Debug|Any CPU.ActiveCfg = Debug|Any CPU
		{E4BC4CFE-F7B3-4C05-BF10-AB057238D214}.Debug|Any CPU.Build.0 = Debug|Any CPU
		{E4BC4CFE-F7B3-4C05-BF10-AB057238D214}.Release|Any CPU.ActiveCfg = Release|Any CPU
		{E4BC4CFE-F7B3-4C05-BF10-AB057238D214}.Release|Any CPU.Build.0 = Release|Any CPU
		{8BA446C2-7A76-43D1-8D0F-2FBF20B47628}.Debug|Any CPU.ActiveCfg = Debug|Any CPU
		{8BA446C2-7A76-43D1-8D0F-2FBF20B47628}.Debug|Any CPU.Build.0 = Debug|Any CPU
		{8BA446C2-7A76-43D1-8D0F-2FBF20B47628}.Release|Any CPU.ActiveCfg = Release|Any CPU
		{8BA446C2-7A76-43D1-8D0F-2FBF20B47628}.Release|Any CPU.Build.0 = Release|Any CPU
		{82AC4735-41EB-4481-B6C6-46C71BBAAA97}.Debug|Any CPU.ActiveCfg = Debug|Any CPU
		{82AC4735-41EB-4481-B6C6-46C71BBAAA97}.Debug|Any CPU.Build.0 = Debug|Any CPU
		{82AC4735-41EB-4481-B6C6-46C71BBAAA97}.Release|Any CPU.ActiveCfg = Release|Any CPU
		{82AC4735-41EB-4481-B6C6-46C71BBAAA97}.Release|Any CPU.Build.0 = Release|Any CPU
		{B61A4253-7737-4A85-A52F-47D0610BCD9A}.Debug|Any CPU.ActiveCfg = Debug|Any CPU
		{B61A4253-7737-4A85-A52F-47D0610BCD9A}.Debug|Any CPU.Build.0 = Debug|Any CPU
		{B61A4253-7737-4A85-A52F-47D0610BCD9A}.Release|Any CPU.ActiveCfg = Release|Any CPU
		{B61A4253-7737-4A85-A52F-47D0610BCD9A}.Release|Any CPU.Build.0 = Release|Any CPU
		{7960B0E8-3515-4053-9808-D8B771BD0181}.Debug|Any CPU.ActiveCfg = Debug|Any CPU
		{7960B0E8-3515-4053-9808-D8B771BD0181}.Debug|Any CPU.Build.0 = Debug|Any CPU
		{7960B0E8-3515-4053-9808-D8B771BD0181}.Release|Any CPU.ActiveCfg = Release|Any CPU
		{7960B0E8-3515-4053-9808-D8B771BD0181}.Release|Any CPU.Build.0 = Release|Any CPU
		{84FF00EE-2B36-43CF-9642-45F39CF50F4C}.Debug|Any CPU.ActiveCfg = Debug|Any CPU
		{84FF00EE-2B36-43CF-9642-45F39CF50F4C}.Debug|Any CPU.Build.0 = Debug|Any CPU
		{84FF00EE-2B36-43CF-9642-45F39CF50F4C}.Release|Any CPU.ActiveCfg = Release|Any CPU
		{84FF00EE-2B36-43CF-9642-45F39CF50F4C}.Release|Any CPU.Build.0 = Release|Any CPU
		{5D8542D8-569A-44E4-80F6-039465D47CC1}.Debug|Any CPU.ActiveCfg = Debug|Any CPU
		{5D8542D8-569A-44E4-80F6-039465D47CC1}.Debug|Any CPU.Build.0 = Debug|Any CPU
		{5D8542D8-569A-44E4-80F6-039465D47CC1}.Release|Any CPU.ActiveCfg = Release|Any CPU
		{5D8542D8-569A-44E4-80F6-039465D47CC1}.Release|Any CPU.Build.0 = Release|Any CPU
	EndGlobalSection
	GlobalSection(SolutionProperties) = preSolution
		HideSolutionNode = FALSE
	EndGlobalSection
	GlobalSection(NestedProjects) = preSolution
		{E4BC4CFE-F7B3-4C05-BF10-AB057238D214} = {78663C3D-93C6-4C95-8594-777AD566E913}
		{8BA446C2-7A76-43D1-8D0F-2FBF20B47628} = {78663C3D-93C6-4C95-8594-777AD566E913}
		{82AC4735-41EB-4481-B6C6-46C71BBAAA97} = {78663C3D-93C6-4C95-8594-777AD566E913}
		{B61A4253-7737-4A85-A52F-47D0610BCD9A} = {91809B4D-8F29-4B89-A9C1-3E76900136AC}
		{7960B0E8-3515-4053-9808-D8B771BD0181} = {78663C3D-93C6-4C95-8594-777AD566E913}
		{84FF00EE-2B36-43CF-9642-45F39CF50F4C} = {91809B4D-8F29-4B89-A9C1-3E76900136AC}
		{5D8542D8-569A-44E4-80F6-039465D47CC1} = {91809B4D-8F29-4B89-A9C1-3E76900136AC}
	EndGlobalSection
	GlobalSection(ExtensibilityGlobals) = postSolution
		SolutionGuid = {81D65176-6554-4F51-92A9-CA138E4F8E85}
	EndGlobalSection
EndGlobal
